// !$*UTF8*$!
{
	archiveVersion = 1;
	classes = {
	};
	objectVersion = 50;
	objects = {

/* Begin PBXBuildFile section */
		AB497BC323D0E47F00BA1F48 /* AppDelegate.swift in Sources */ = {isa = PBXBuildFile; fileRef = AB497BC223D0E47F00BA1F48 /* AppDelegate.swift */; };
		AB497BC523D0E47F00BA1F48 /* SceneDelegate.swift in Sources */ = {isa = PBXBuildFile; fileRef = AB497BC423D0E47F00BA1F48 /* SceneDelegate.swift */; };
		AB497BC723D0E47F00BA1F48 /* Home.swift in Sources */ = {isa = PBXBuildFile; fileRef = AB497BC623D0E47F00BA1F48 /* Home.swift */; };
		AB497BC923D0E48000BA1F48 /* Assets.xcassets in Resources */ = {isa = PBXBuildFile; fileRef = AB497BC823D0E48000BA1F48 /* Assets.xcassets */; };
		AB497BCC23D0E48000BA1F48 /* Preview Assets.xcassets in Resources */ = {isa = PBXBuildFile; fileRef = AB497BCB23D0E48000BA1F48 /* Preview Assets.xcassets */; };
		AB497BCF23D0E48000BA1F48 /* LaunchScreen.storyboard in Resources */ = {isa = PBXBuildFile; fileRef = AB497BCD23D0E48000BA1F48 /* LaunchScreen.storyboard */; };
		AB497BDA23D0E61B00BA1F48 /* Item.swift in Sources */ = {isa = PBXBuildFile; fileRef = AB497BD923D0E61B00BA1F48 /* Item.swift */; };
		AB497BDE23D0E99400BA1F48 /* Data.swift in Sources */ = {isa = PBXBuildFile; fileRef = AB497BDD23D0E99400BA1F48 /* Data.swift */; };
		AB497BE023D0EBA900BA1F48 /* MenuItem.swift in Sources */ = {isa = PBXBuildFile; fileRef = AB497BDF23D0EBA900BA1F48 /* MenuItem.swift */; };
		AB497BE223D0F15400BA1F48 /* menu.json in Resources */ = {isa = PBXBuildFile; fileRef = AB497BE123D0F15400BA1F48 /* menu.json */; };
		AB497BE423D0F3B300BA1F48 /* MenuItemRow.swift in Sources */ = {isa = PBXBuildFile; fileRef = AB497BE323D0F3B300BA1F48 /* MenuItemRow.swift */; };
/* End PBXBuildFile section */

/* Begin PBXFileReference section */
		AB497BBF23D0E47F00BA1F48 /* FoodMenu.app */ = {isa = PBXFileReference; explicitFileType = wrapper.application; includeInIndex = 0; path = FoodMenu.app; sourceTree = BUILT_PRODUCTS_DIR; };
		AB497BC223D0E47F00BA1F48 /* AppDelegate.swift */ = {isa = PBXFileReference; lastKnownFileType = sourcecode.swift; path = AppDelegate.swift; sourceTree = "<group>"; };
		AB497BC423D0E47F00BA1F48 /* SceneDelegate.swift */ = {isa = PBXFileReference; lastKnownFileType = sourcecode.swift; path = SceneDelegate.swift; sourceTree = "<group>"; };
		AB497BC623D0E47F00BA1F48 /* Home.swift */ = {isa = PBXFileReference; lastKnownFileType = sourcecode.swift; path = Home.swift; sourceTree = "<group>"; };
		AB497BC823D0E48000BA1F48 /* Assets.xcassets */ = {isa = PBXFileReference; lastKnownFileType = folder.assetcatalog; path = Assets.xcassets; sourceTree = "<group>"; };
		AB497BCB23D0E48000BA1F48 /* Preview Assets.xcassets */ = {isa = PBXFileReference; lastKnownFileType = folder.assetcatalog; path = "Preview Assets.xcassets"; sourceTree = "<group>"; };
		AB497BCE23D0E48000BA1F48 /* Base */ = {isa = PBXFileReference; lastKnownFileType = file.storyboard; name = Base; path = Base.lproj/LaunchScreen.storyboard; sourceTree = "<group>"; };
		AB497BD023D0E48000BA1F48 /* Info.plist */ = {isa = PBXFileReference; lastKnownFileType = text.plist.xml; path = Info.plist; sourceTree = "<group>"; };
		AB497BD923D0E61B00BA1F48 /* Item.swift */ = {isa = PBXFileReference; lastKnownFileType = sourcecode.swift; path = Item.swift; sourceTree = "<group>"; };
		AB497BDD23D0E99400BA1F48 /* Data.swift */ = {isa = PBXFileReference; lastKnownFileType = sourcecode.swift; path = Data.swift; sourceTree = "<group>"; };
		AB497BDF23D0EBA900BA1F48 /* MenuItem.swift */ = {isa = PBXFileReference; lastKnownFileType = sourcecode.swift; path = MenuItem.swift; sourceTree = "<group>"; };
		AB497BE123D0F15400BA1F48 /* menu.json */ = {isa = PBXFileReference; fileEncoding = 4; lastKnownFileType = text.json; name = menu.json; path = ../../../menu.json; sourceTree = "<group>"; };
		AB497BE323D0F3B300BA1F48 /* MenuItemRow.swift */ = {isa = PBXFileReference; lastKnownFileType = sourcecode.swift; path = MenuItemRow.swift; sourceTree = "<group>"; };
/* End PBXFileReference section */

/* Begin PBXFrameworksBuildPhase section */
		AB497BBC23D0E47F00BA1F48 /* Frameworks */ = {
			isa = PBXFrameworksBuildPhase;
			buildActionMask = 2147483647;
			files = (
			);
			runOnlyForDeploymentPostprocessing = 0;
		};
/* End PBXFrameworksBuildPhase section */

/* Begin PBXGroup section */
		AB497BB623D0E47F00BA1F48 = {
			isa = PBXGroup;
			children = (
				AB497BC123D0E47F00BA1F48 /* FoodMenu */,
				AB497BC023D0E47F00BA1F48 /* Products */,
			);
			sourceTree = "<group>";
		};
		AB497BC023D0E47F00BA1F48 /* Products */ = {
			isa = PBXGroup;
			children = (
				AB497BBF23D0E47F00BA1F48 /* FoodMenu.app */,
			);
			name = Products;
			sourceTree = "<group>";
		};
		AB497BC123D0E47F00BA1F48 /* FoodMenu */ = {
			isa = PBXGroup;
			children = (
				AB497BD823D0E5F400BA1F48 /* Model */,
				AB497BC223D0E47F00BA1F48 /* AppDelegate.swift */,
				AB497BC423D0E47F00BA1F48 /* SceneDelegate.swift */,
				AB497BDF23D0EBA900BA1F48 /* MenuItem.swift */,
				AB497BE323D0F3B300BA1F48 /* MenuItemRow.swift */,
				AB497BC623D0E47F00BA1F48 /* Home.swift */,
				AB497BC823D0E48000BA1F48 /* Assets.xcassets */,
				AB497BCD23D0E48000BA1F48 /* LaunchScreen.storyboard */,
				AB497BD023D0E48000BA1F48 /* Info.plist */,
				AB497BCA23D0E48000BA1F48 /* Preview Content */,
			);
			path = FoodMenu;
			sourceTree = "<group>";
		};
		AB497BCA23D0E48000BA1F48 /* Preview Content */ = {
			isa = PBXGroup;
			children = (
				AB497BCB23D0E48000BA1F48 /* Preview Assets.xcassets */,
			);
			path = "Preview Content";
			sourceTree = "<group>";
		};
		AB497BD823D0E5F400BA1F48 /* Model */ = {
			isa = PBXGroup;
			children = (
				AB497BD923D0E61B00BA1F48 /* Item.swift */,
				AB497BE123D0F15400BA1F48 /* menu.json */,
				AB497BDD23D0E99400BA1F48 /* Data.swift */,
			);
			path = Model;
			sourceTree = "<group>";
		};
/* End PBXGroup section */

/* Begin PBXNativeTarget section */
		AB497BBE23D0E47F00BA1F48 /* FoodMenu */ = {
			isa = PBXNativeTarget;
			buildConfigurationList = AB497BD323D0E48000BA1F48 /* Build configuration list for PBXNativeTarget "FoodMenu" */;
			buildPhases = (
				AB497BBB23D0E47F00BA1F48 /* Sources */,
				AB497BBC23D0E47F00BA1F48 /* Frameworks */,
				AB497BBD23D0E47F00BA1F48 /* Resources */,
			);
			buildRules = (
			);
			dependencies = (
			);
			name = FoodMenu;
			productName = FoodMenu;
			productReference = AB497BBF23D0E47F00BA1F48 /* FoodMenu.app */;
			productType = "com.apple.product-type.application";
		};
/* End PBXNativeTarget section */

/* Begin PBXProject section */
		AB497BB723D0E47F00BA1F48 /* Project object */ = {
			isa = PBXProject;
			attributes = {
				LastSwiftUpdateCheck = 1130;
				LastUpgradeCheck = 1130;
				ORGANIZATIONNAME = amir;
				TargetAttributes = {
					AB497BBE23D0E47F00BA1F48 = {
						CreatedOnToolsVersion = 11.3.1;
					};
				};
			};
			buildConfigurationList = AB497BBA23D0E47F00BA1F48 /* Build configuration list for PBXProject "FoodMenu" */;
			compatibilityVersion = "Xcode 9.3";
			developmentRegion = en;
			hasScannedForEncodings = 0;
			knownRegions = (
				en,
				Base,
			);
			mainGroup = AB497BB623D0E47F00BA1F48;
			productRefGroup = AB497BC023D0E47F00BA1F48 /* Products */;
			projectDirPath = "";
			projectRoot = "";
			targets = (
				AB497BBE23D0E47F00BA1F48 /* FoodMenu */,
			);
		};
/* End PBXProject section */

/* Begin PBXResourcesBuildPhase section */
		AB497BBD23D0E47F00BA1F48 /* Resources */ = {
			isa = PBXResourcesBuildPhase;
			buildActionMask = 2147483647;
			files = (
				AB497BCF23D0E48000BA1F48 /* LaunchScreen.storyboard in Resources */,
				AB497BCC23D0E48000BA1F48 /* Preview Assets.xcassets in Resources */,
				AB497BE223D0F15400BA1F48 /* menu.json in Resources */,
				AB497BC923D0E48000BA1F48 /* Assets.xcassets in Resources */,
			);
			runOnlyForDeploymentPostprocessing = 0;
		};
/* End PBXResourcesBuildPhase section */

/* Begin PBXSourcesBuildPhase section */
		AB497BBB23D0E47F00BA1F48 /* Sources */ = {
			isa = PBXSourcesBuildPhase;
			buildActionMask = 2147483647;
			files = (
				AB497BC323D0E47F00BA1F48 /* AppDelegate.swift in Sources */,
				AB497BDE23D0E99400BA1F48 /* Data.swift in Sources */,
				AB497BDA23D0E61B00BA1F48 /* Item.swift in Sources */,
				AB497BE423D0F3B300BA1F48 /* MenuItemRow.swift in Sources */,
				AB497BC523D0E47F00BA1F48 /* SceneDelegate.swift in Sources */,
				AB497BE023D0EBA900BA1F48 /* MenuItem.swift in Sources */,
				AB497BC723D0E47F00BA1F48 /* Home.swift in Sources */,
			);
			runOnlyForDeploymentPostprocessing = 0;
		};
/* End PBXSourcesBuildPhase section */

/* Begin PBXVariantGroup section */
		AB497BCD23D0E48000BA1F48 /* LaunchScreen.storyboard */ = {
			isa = PBXVariantGroup;
			children = (
				AB497BCE23D0E48000BA1F48 /* Base */,
			);
			name = LaunchScreen.storyboard;
			sourceTree = "<group>";
		};
/* End PBXVariantGroup section */

/* Begin XCBuildConfiguration section */
		AB497BD123D0E48000BA1F48 /* Debug */ = {
			isa = XCBuildConfiguration;
			buildSettings = {
				ALWAYS_SEARCH_USER_PATHS = NO;
				CLANG_ANALYZER_NONNULL = YES;
				CLANG_ANALYZER_NUMBER_OBJECT_CONVERSION = YES_AGGRESSIVE;
				CLANG_CXX_LANGUAGE_STANDARD = "gnu++14";
				CLANG_CXX_LIBRARY = "libc++";
				CLANG_ENABLE_MODULES = YES;
				CLANG_ENABLE_OBJC_ARC = YES;
				CLANG_ENABLE_OBJC_WEAK = YES;
				CLANG_WARN_BLOCK_CAPTURE_AUTORELEASING = YES;
				CLANG_WARN_BOOL_CONVERSION = YES;
				CLANG_WARN_COMMA = YES;
				CLANG_WARN_CONSTANT_CONVERSION = YES;
				CLANG_WARN_DEPRECATED_OBJC_IMPLEMENTATIONS = YES;
				CLANG_WARN_DIRECT_OBJC_ISA_USAGE = YES_ERROR;
				CLANG_WARN_DOCUMENTATION_COMMENTS = YES;
				CLANG_WARN_EMPTY_BODY = YES;
				CLANG_WARN_ENUM_CONVERSION = YES;
				CLANG_WARN_INFINITE_RECURSION = YES;
				CLANG_WARN_INT_CONVERSION = YES;
				CLANG_WARN_NON_LITERAL_NULL_CONVERSION = YES;
				CLANG_WARN_OBJC_IMPLICIT_RETAIN_SELF = YES;
				CLANG_WARN_OBJC_LITERAL_CONVERSION = YES;
				CLANG_WARN_OBJC_ROOT_CLASS = YES_ERROR;
				CLANG_WARN_RANGE_LOOP_ANALYSIS = YES;
				CLANG_WARN_STRICT_PROTOTYPES = YES;
				CLANG_WARN_SUSPICIOUS_MOVE = YES;
				CLANG_WARN_UNGUARDED_AVAILABILITY = YES_AGGRESSIVE;
				CLANG_WARN_UNREACHABLE_CODE = YES;
				CLANG_WARN__DUPLICATE_METHOD_MATCH = YES;
				COPY_PHASE_STRIP = NO;
				DEBUG_INFORMATION_FORMAT = dwarf;
				ENABLE_STRICT_OBJC_MSGSEND = YES;
				ENABLE_TESTABILITY = YES;
				GCC_C_LANGUAGE_STANDARD = gnu11;
				GCC_DYNAMIC_NO_PIC = NO;
				GCC_NO_COMMON_BLOCKS = YES;
				GCC_OPTIMIZATION_LEVEL = 0;
				GCC_PREPROCESSOR_DEFINITIONS = (
					"DEBUG=1",
					"$(inherited)",
				);
				GCC_WARN_64_TO_32_BIT_CONVERSION = YES;
				GCC_WARN_ABOUT_RETURN_TYPE = YES_ERROR;
				GCC_WARN_UNDECLARED_SELECTOR = YES;
				GCC_WARN_UNINITIALIZED_AUTOS = YES_AGGRESSIVE;
				GCC_WARN_UNUSED_FUNCTION = YES;
				GCC_WARN_UNUSED_VARIABLE = YES;
				IPHONEOS_DEPLOYMENT_TARGET = 13.2;
				MTL_ENABLE_DEBUG_INFO = INCLUDE_SOURCE;
				MTL_FAST_MATH = YES;
				ONLY_ACTIVE_ARCH = YES;
				SDKROOT = iphoneos;
				SWIFT_ACTIVE_COMPILATION_CONDITIONS = DEBUG;
				SWIFT_OPTIMIZATION_LEVEL = "-Onone";
			};
			name = Debug;
		};
		AB497BD223D0E48000BA1F48 /* Release */ = {
			isa = XCBuildConfiguration;
			buildSettings = {
				ALWAYS_SEARCH_USER_PATHS = NO;
				CLANG_ANALYZER_NONNULL = YES;
				CLANG_ANALYZER_NUMBER_OBJECT_CONVERSION = YES_AGGRESSIVE;
				CLANG_CXX_LANGUAGE_STANDARD = "gnu++14";
				CLANG_CXX_LIBRARY = "libc++";
				CLANG_ENABLE_MODULES = YES;
				CLANG_ENABLE_OBJC_ARC = YES;
				CLANG_ENABLE_OBJC_WEAK = YES;
				CLANG_WARN_BLOCK_CAPTURE_AUTORELEASING = YES;
				CLANG_WARN_BOOL_CONVERSION = YES;
				CLANG_WARN_COMMA = YES;
				CLANG_WARN_CONSTANT_CONVERSION = YES;
				CLANG_WARN_DEPRECATED_OBJC_IMPLEMENTATIONS = YES;
				CLANG_WARN_DIRECT_OBJC_ISA_USAGE = YES_ERROR;
				CLANG_WARN_DOCUMENTATION_COMMENTS = YES;
				CLANG_WARN_EMPTY_BODY = YES;
				CLANG_WARN_ENUM_CONVERSION = YES;
				CLANG_WARN_INFINITE_RECURSION = YES;
				CLANG_WARN_INT_CONVERSION = YES;
				CLANG_WARN_NON_LITERAL_NULL_CONVERSION = YES;
				CLANG_WARN_OBJC_IMPLICIT_RETAIN_SELF = YES;
				CLANG_WARN_OBJC_LITERAL_CONVERSION = YES;
				CLANG_WARN_OBJC_ROOT_CLASS = YES_ERROR;
				CLANG_WARN_RANGE_LOOP_ANALYSIS = YES;
				CLANG_WARN_STRICT_PROTOTYPES = YES;
				CLANG_WARN_SUSPICIOUS_MOVE = YES;
				CLANG_WARN_UNGUARDED_AVAILABILITY = YES_AGGRESSIVE;
				CLANG_WARN_UNREACHABLE_CODE = YES;
				CLANG_WARN__DUPLICATE_METHOD_MATCH = YES;
				COPY_PHASE_STRIP = NO;
				DEBUG_INFORMATION_FORMAT = "dwarf-with-dsym";
				ENABLE_NS_ASSERTIONS = NO;
				ENABLE_STRICT_OBJC_MSGSEND = YES;
				GCC_C_LANGUAGE_STANDARD = gnu11;
				GCC_NO_COMMON_BLOCKS = YES;
				GCC_WARN_64_TO_32_BIT_CONVERSION = YES;
				GCC_WARN_ABOUT_RETURN_TYPE = YES_ERROR;
				GCC_WARN_UNDECLARED_SELECTOR = YES;
				GCC_WARN_UNINITIALIZED_AUTOS = YES_AGGRESSIVE;
				GCC_WARN_UNUSED_FUNCTION = YES;
				GCC_WARN_UNUSED_VARIABLE = YES;
				IPHONEOS_DEPLOYMENT_TARGET = 13.2;
				MTL_ENABLE_DEBUG_INFO = NO;
				MTL_FAST_MATH = YES;
				SDKROOT = iphoneos;
				SWIFT_COMPILATION_MODE = wholemodule;
				SWIFT_OPTIMIZATION_LEVEL = "-O";
				VALIDATE_PRODUCT = YES;
			};
			name = Release;
		};
		AB497BD423D0E48000BA1F48 /* Debug */ = {
			isa = XCBuildConfiguration;
			buildSettings = {
				ASSETCATALOG_COMPILER_APPICON_NAME = AppIcon;
				CODE_SIGN_STYLE = Automatic;
				DEVELOPMENT_ASSET_PATHS = "\"FoodMenu/Preview Content\"";
				DEVELOPMENT_TEAM = 6MA2KXXMWD;
				ENABLE_PREVIEWS = YES;
				INFOPLIST_FILE = FoodMenu/Info.plist;
				LD_RUNPATH_SEARCH_PATHS = (
					"$(inherited)",
					"@executable_path/Frameworks",
				);
				PRODUCT_BUNDLE_IDENTIFIER = com.amir.FoodMenu;
				PRODUCT_NAME = "$(TARGET_NAME)";
				SWIFT_VERSION = 5.0;
				TARGETED_DEVICE_FAMILY = "1,2";
			};
			name = Debug;
		};
		AB497BD523D0E48000BA1F48 /* Release */ = {
			isa = XCBuildConfiguration;
			buildSettings = {
				ASSETCATALOG_COMPILER_APPICON_NAME = AppIcon;
				CODE_SIGN_STYLE = Automatic;
				DEVELOPMENT_ASSET_PATHS = "\"FoodMenu/Preview Content\"";
				DEVELOPMENT_TEAM = 6MA2KXXMWD;
				ENABLE_PREVIEWS = YES;
				INFOPLIST_FILE = FoodMenu/Info.plist;
				LD_RUNPATH_SEARCH_PATHS = (
					"$(inherited)",
					"@executable_path/Frameworks",
				);
				PRODUCT_BUNDLE_IDENTIFIER = com.amir.FoodMenu;
				PRODUCT_NAME = "$(TARGET_NAME)";
				SWIFT_VERSION = 5.0;
				TARGETED_DEVICE_FAMILY = "1,2";
			};
			name = Release;
		};
/* End XCBuildConfiguration section */

/* Begin XCConfigurationList section */
		AB497BBA23D0E47F00BA1F48 /* Build configuration list for PBXProject "FoodMenu" */ = {
			isa = XCConfigurationList;
			buildConfigurations = (
				AB497BD123D0E48000BA1F48 /* Debug */,
				AB497BD223D0E48000BA1F48 /* Release */,
			);
			defaultConfigurationIsVisible = 0;
			defaultConfigurationName = Release;
		};
		AB497BD323D0E48000BA1F48 /* Build configuration list for PBXNativeTarget "FoodMenu" */ = {
			isa = XCConfigurationList;
			buildConfigurations = (
				AB497BD423D0E48000BA1F48 /* Debug */,
				AB497BD523D0E48000BA1F48 /* Release */,
			);
			defaultConfigurationIsVisible = 0;
			defaultConfigurationName = Release;
		};
/* End XCConfigurationList section */
	};
	rootObject = AB497BB723D0E47F00BA1F48 /* Project object */;
}
